
Microsoft Visual Studio Solution File, Format Version 12.00
# Visual Studio Version 16
VisualStudioVersion = 16.0.30002.166
MinimumVisualStudioVersion = 10.0.40219.1
Project("{8BC9CEB8-8B4A-11D0-8D11-00A0C91BC942}") = "AGZS", "AGZS.vcxproj", "{571FE574-E2B0-4FBE-BB0F-5201DDE97C18}"
EndProject
Global
	GlobalSection(SolutionConfigurationPlatforms) = preSolution
		CD_ROM|x64 = CD_ROM|x64
		CD_ROM|x86 = CD_ROM|x86
		Debug|x64 = Debug|x64
		Debug|x86 = Debug|x86
		DVD-5|x64 = DVD-5|x64
		DVD-5|x86 = DVD-5|x86
		Release|x64 = Release|x64
		Release|x86 = Release|x86
		SingleImage|x64 = SingleImage|x64
		SingleImage|x86 = SingleImage|x86
	EndGlobalSection
	GlobalSection(ProjectConfigurationPlatforms) = postSolution
		{571FE574-E2B0-4FBE-BB0F-5201DDE97C18}.CD_ROM|x64.ActiveCfg = Release|x64
		{571FE574-E2B0-4FBE-BB0F-5201DDE97C18}.CD_ROM|x64.Build.0 = Release|x64
		{571FE574-E2B0-4FBE-BB0F-5201DDE97C18}.CD_ROM|x86.ActiveCfg = Release|Win32
		{571FE574-E2B0-4FBE-BB0F-5201DDE97C18}.CD_ROM|x86.Build.0 = Release|Win32
		{571FE574-E2B0-4FBE-BB0F-5201DDE97C18}.Debug|x64.ActiveCfg = Debug|x64
		{571FE574-E2B0-4FBE-BB0F-5201DDE97C18}.Debug|x64.Build.0 = Debug|x64
		{571FE574-E2B0-4FBE-BB0F-5201DDE97C18}.Debug|x86.ActiveCfg = Debug|Win32
		{571FE574-E2B0-4FBE-BB0F-5201DDE97C18}.Debug|x86.Build.0 = Debug|Win32
		{571FE574-E2B0-4FBE-BB0F-5201DDE97C18}.DVD-5|x64.ActiveCfg = Debug|x64
		{571FE574-E2B0-4FBE-BB0F-5201DDE97C18}.DVD-5|x64.Build.0 = Debug|x64
		{571FE574-E2B0-4FBE-BB0F-5201DDE97C18}.DVD-5|x86.ActiveCfg = Debug|Win32
		{571FE574-E2B0-4FBE-BB0F-5201DDE97C18}.DVD-5|x86.Build.0 = Debug|Win32
		{571FE574-E2B0-4FBE-BB0F-5201DDE97C18}.Release|x64.ActiveCfg = Release|x64
		{571FE574-E2B0-4FBE-BB0F-5201DDE97C18}.Release|x64.Build.0 = Release|x64
		{571FE574-E2B0-4FBE-BB0F-5201DDE97C18}.Release|x86.ActiveCfg = Release|Win32
		{571FE574-E2B0-4FBE-BB0F-5201DDE97C18}.Release|x86.Build.0 = Release|Win32
		{571FE574-E2B0-4FBE-BB0F-5201DDE97C18}.SingleImage|x64.ActiveCfg = Release|x64
		{571FE574-E2B0-4FBE-BB0F-5201DDE97C18}.SingleImage|x64.Build.0 = Release|x64
		{571FE574-E2B0-4FBE-BB0F-5201DDE97C18}.SingleImage|x86.ActiveCfg = Release|Win32
		{571FE574-E2B0-4FBE-BB0F-5201DDE97C18}.SingleImage|x86.Build.0 = Release|Win32
		{7C529C95-4473-4A95-8D7E-AF901BFA5C99}.CD_ROM|x64.ActiveCfg = CD_ROM
		{7C529C95-4473-4A95-8D7E-AF901BFA5C99}.CD_ROM|x64.Build.0 = CD_ROM
		{7C529C95-4473-4A95-8D7E-AF901BFA5C99}.CD_ROM|x86.ActiveCfg = CD_ROM
		{7C529C95-4473-4A95-8D7E-AF901BFA5C99}.CD_ROM|x86.Build.0 = CD_ROM
		{7C529C95-4473-4A95-8D7E-AF901BFA5C99}.Debug|x64.ActiveCfg = DVD-5
		{7C529C95-4473-4A95-8D7E-AF901BFA5C99}.Debug|x64.Build.0 = DVD-5
		{7C529C95-4473-4A95-8D7E-AF901BFA5C99}.Debug|x86.ActiveCfg = DVD-5
		{7C529C95-4473-4A95-8D7E-AF901BFA5C99}.Debug|x86.Build.0 = DVD-5
		{7C529C95-4473-4A95-8D7E-AF901BFA5C99}.DVD-5|x64.ActiveCfg = DVD-5
		{7C529C95-4473-4A95-8D7E-AF901BFA5C99}.DVD-5|x64.Build.0 = DVD-5
		{7C529C95-4473-4A95-8D7E-AF901BFA5C99}.DVD-5|x86.ActiveCfg = DVD-5
		{7C529C95-4473-4A95-8D7E-AF901BFA5C99}.DVD-5|x86.Build.0 = DVD-5
		{7C529C95-4473-4A95-8D7E-AF901BFA5C99}.Release|x64.ActiveCfg = SingleImage
		{7C529C95-4473-4A95-8D7E-AF901BFA5C99}.Release|x64.Build.0 = SingleImage
		{7C529C95-4473-4A95-8D7E-AF901BFA5C99}.Release|x86.ActiveCfg = SingleImage
		{7C529C95-4473-4A95-8D7E-AF901BFA5C99}.Release|x86.Build.0 = SingleImage
		{7C529C95-4473-4A95-8D7E-AF901BFA5C99}.SingleImage|x64.ActiveCfg = SingleImage
		{7C529C95-4473-4A95-8D7E-AF901BFA5C99}.SingleImage|x64.Build.0 = SingleImage
		{7C529C95-4473-4A95-8D7E-AF901BFA5C99}.SingleImage|x86.ActiveCfg = SingleImage
		{7C529C95-4473-4A95-8D7E-AF901BFA5C99}.SingleImage|x86.Build.0 = SingleImage
	EndGlobalSection
	GlobalSection(SolutionProperties) = preSolution
		HideSolutionNode = FALSE
	EndGlobalSection
	GlobalSection(ExtensibilityGlobals) = postSolution
		SolutionGuid = {54B314DF-E7A4-4D0E-9F03-69A4D3797A99}
	EndGlobalSection
EndGlobal
